
Microsoft Visual Studio Solution File, Format Version 12.00
# Visual Studio 2012
VisualStudioVersion = 12.0.30723.0
MinimumVisualStudioVersion = 10.0.40219.1
Project("{FAE04EC0-301F-11D3-BF4B-00C04F79EFBC}") = "HolisticWare.BabelFish", "HolisticWare.BabelFish\HolisticWare.BabelFish\HolisticWare.BabelFish.csproj", "{DB9A76B0-C20D-4204-AFA8-686E65931040}"
EndProject
Project("{FAE04EC0-301F-11D3-BF4B-00C04F79EFBC}") = "HolisticWare.BabelFish.iOS", "HolisticWare.BabelFish\HolisticWare.BabelFish.iOS\HolisticWare.BabelFish.iOS.csproj", "{F13014EE-69BA-46ED-8560-FB78CD661774}"
EndProject
Project("{FAE04EC0-301F-11D3-BF4B-00C04F79EFBC}") = "HolisticWare.BabelFish.Android", "HolisticWare.BabelFish\HolisticWare.BabelFish.Android\HolisticWare.BabelFish.Android.csproj", "{235FEF24-BFE2-4460-AF0E-7668FA49A778}"
EndProject
Project("{FAE04EC0-301F-11D3-BF4B-00C04F79EFBC}") = "HolisticWare.BabelFish.WinPhone", "HolisticWare.BabelFish\HolisticWare.BabelFish.WinPhone\HolisticWare.BabelFish.WinPhone.csproj", "{5E3D3DFE-34A4-4135-839A-351F72AA50B2}"
EndProject
Project("{FAE04EC0-301F-11D3-BF4B-00C04F79EFBC}") = "HolisticWare.Core.Localization.Translate", "HolisticWare.Core.Localization.Translate\HolisticWare.Core.Localization.Translate.csproj", "{80B54351-CD34-4EBB-BBA8-7F428B7D8772}"
EndProject
Project("{2150E333-8FDC-42A3-9474-1A3956D46DE8}") = "submodulez", "submodulez", "{DACE7CC5-5C08-4A7E-B5A0-B5A94891C2A4}"
EndProject
Project("{FAE04EC0-301F-11D3-BF4B-00C04F79EFBC}") = "HolisticWare.Core.Web", "submodulez\HolisticWare.Core.Web\HolisticWare.Core.Web\HolisticWare.Core.Web.csproj", "{79DC9BB5-1927-4785-8AE4-9415DCA0EB3A}"
EndProject
Global
	GlobalSection(SolutionConfigurationPlatforms) = preSolution
		Ad-Hoc|Any CPU = Ad-Hoc|Any CPU
		Ad-Hoc|ARM = Ad-Hoc|ARM
		Ad-Hoc|iPhone = Ad-Hoc|iPhone
		Ad-Hoc|iPhoneSimulator = Ad-Hoc|iPhoneSimulator
		Ad-Hoc|Mixed Platforms = Ad-Hoc|Mixed Platforms
		Ad-Hoc|x86 = Ad-Hoc|x86
		AppStore|Any CPU = AppStore|Any CPU
		AppStore|ARM = AppStore|ARM
		AppStore|iPhone = AppStore|iPhone
		AppStore|iPhoneSimulator = AppStore|iPhoneSimulator
		AppStore|Mixed Platforms = AppStore|Mixed Platforms
		AppStore|x86 = AppStore|x86
		Debug|Any CPU = Debug|Any CPU
		Debug|ARM = Debug|ARM
		Debug|iPhone = Debug|iPhone
		Debug|iPhoneSimulator = Debug|iPhoneSimulator
		Debug|Mixed Platforms = Debug|Mixed Platforms
		Debug|x86 = Debug|x86
		Release|Any CPU = Release|Any CPU
		Release|ARM = Release|ARM
		Release|iPhone = Release|iPhone
		Release|iPhoneSimulator = Release|iPhoneSimulator
		Release|Mixed Platforms = Release|Mixed Platforms
		Release|x86 = Release|x86
	EndGlobalSection
	GlobalSection(ProjectConfigurationPlatforms) = postSolution
		{235FEF24-BFE2-4460-AF0E-7668FA49A778}.Ad-Hoc|Any CPU.ActiveCfg = Release|Any CPU
		{235FEF24-BFE2-4460-AF0E-7668FA49A778}.Ad-Hoc|Any CPU.Build.0 = Release|Any CPU
		{235FEF24-BFE2-4460-AF0E-7668FA49A778}.Ad-Hoc|Any CPU.Deploy.0 = Release|Any CPU
		{235FEF24-BFE2-4460-AF0E-7668FA49A778}.Ad-Hoc|ARM.ActiveCfg = Release|Any CPU
		{235FEF24-BFE2-4460-AF0E-7668FA49A778}.Ad-Hoc|iPhone.ActiveCfg = Release|Any CPU
		{235FEF24-BFE2-4460-AF0E-7668FA49A778}.Ad-Hoc|iPhoneSimulator.ActiveCfg = Release|Any CPU
		{235FEF24-BFE2-4460-AF0E-7668FA49A778}.Ad-Hoc|Mixed Platforms.ActiveCfg = Release|Any CPU
		{235FEF24-BFE2-4460-AF0E-7668FA49A778}.Ad-Hoc|Mixed Platforms.Build.0 = Release|Any CPU
		{235FEF24-BFE2-4460-AF0E-7668FA49A778}.Ad-Hoc|Mixed Platforms.Deploy.0 = Release|Any CPU
		{235FEF24-BFE2-4460-AF0E-7668FA49A778}.Ad-Hoc|x86.ActiveCfg = Release|Any CPU
		{235FEF24-BFE2-4460-AF0E-7668FA49A778}.AppStore|Any CPU.ActiveCfg = Release|Any CPU
		{235FEF24-BFE2-4460-AF0E-7668FA49A778}.AppStore|Any CPU.Build.0 = Release|Any CPU
		{235FEF24-BFE2-4460-AF0E-7668FA49A778}.AppStore|Any CPU.Deploy.0 = Release|Any CPU
		{235FEF24-BFE2-4460-AF0E-7668FA49A778}.AppStore|ARM.ActiveCfg = Release|Any CPU
		{235FEF24-BFE2-4460-AF0E-7668FA49A778}.AppStore|iPhone.ActiveCfg = Release|Any CPU
		{235FEF24-BFE2-4460-AF0E-7668FA49A778}.AppStore|iPhoneSimulator.ActiveCfg = Release|Any CPU
		{235FEF24-BFE2-4460-AF0E-7668FA49A778}.AppStore|Mixed Platforms.ActiveCfg = Release|Any CPU
		{235FEF24-BFE2-4460-AF0E-7668FA49A778}.AppStore|Mixed Platforms.Build.0 = Release|Any CPU
		{235FEF24-BFE2-4460-AF0E-7668FA49A778}.AppStore|Mixed Platforms.Deploy.0 = Release|Any CPU
		{235FEF24-BFE2-4460-AF0E-7668FA49A778}.AppStore|x86.ActiveCfg = Release|Any CPU
		{235FEF24-BFE2-4460-AF0E-7668FA49A778}.Debug|Any CPU.ActiveCfg = Debug|Any CPU
		{235FEF24-BFE2-4460-AF0E-7668FA49A778}.Debug|Any CPU.Build.0 = Debug|Any CPU
		{235FEF24-BFE2-4460-AF0E-7668FA49A778}.Debug|Any CPU.Deploy.0 = Debug|Any CPU
		{235FEF24-BFE2-4460-AF0E-7668FA49A778}.Debug|ARM.ActiveCfg = Debug|Any CPU
		{235FEF24-BFE2-4460-AF0E-7668FA49A778}.Debug|iPhone.ActiveCfg = Debug|Any CPU
		{235FEF24-BFE2-4460-AF0E-7668FA49A778}.Debug|iPhoneSimulator.ActiveCfg = Debug|Any CPU
		{235FEF24-BFE2-4460-AF0E-7668FA49A778}.Debug|Mixed Platforms.ActiveCfg = Debug|Any CPU
		{235FEF24-BFE2-4460-AF0E-7668FA49A778}.Debug|Mixed Platforms.Build.0 = Debug|Any CPU
		{235FEF24-BFE2-4460-AF0E-7668FA49A778}.Debug|Mixed Platforms.Deploy.0 = Debug|Any CPU
		{235FEF24-BFE2-4460-AF0E-7668FA49A778}.Debug|x86.ActiveCfg = Debug|Any CPU
		{235FEF24-BFE2-4460-AF0E-7668FA49A778}.Release|Any CPU.ActiveCfg = Release|Any CPU
		{235FEF24-BFE2-4460-AF0E-7668FA49A778}.Release|Any CPU.Build.0 = Release|Any CPU
		{235FEF24-BFE2-4460-AF0E-7668FA49A778}.Release|Any CPU.Deploy.0 = Release|Any CPU
		{235FEF24-BFE2-4460-AF0E-7668FA49A778}.Release|ARM.ActiveCfg = Release|Any CPU
		{235FEF24-BFE2-4460-AF0E-7668FA49A778}.Release|iPhone.ActiveCfg = Release|Any CPU
		{235FEF24-BFE2-4460-AF0E-7668FA49A778}.Release|iPhoneSimulator.ActiveCfg = Release|Any CPU
		{235FEF24-BFE2-4460-AF0E-7668FA49A778}.Release|Mixed Platforms.ActiveCfg = Release|Any CPU
		{235FEF24-BFE2-4460-AF0E-7668FA49A778}.Release|Mixed Platforms.Build.0 = Release|Any CPU
		{235FEF24-BFE2-4460-AF0E-7668FA49A778}.Release|Mixed Platforms.Deploy.0 = Release|Any CPU
		{235FEF24-BFE2-4460-AF0E-7668FA49A778}.Release|x86.ActiveCfg = Release|Any CPU
		{5E3D3DFE-34A4-4135-839A-351F72AA50B2}.Ad-Hoc|Any CPU.ActiveCfg = Release|Any CPU
		{5E3D3DFE-34A4-4135-839A-351F72AA50B2}.Ad-Hoc|Any CPU.Build.0 = Release|Any CPU
		{5E3D3DFE-34A4-4135-839A-351F72AA50B2}.Ad-Hoc|Any CPU.Deploy.0 = Release|Any CPU
		{5E3D3DFE-34A4-4135-839A-351F72AA50B2}.Ad-Hoc|ARM.ActiveCfg = Release|ARM
		{5E3D3DFE-34A4-4135-839A-351F72AA50B2}.Ad-Hoc|ARM.Build.0 = Release|ARM
		{5E3D3DFE-34A4-4135-839A-351F72AA50B2}.Ad-Hoc|ARM.Deploy.0 = Release|ARM
		{5E3D3DFE-34A4-4135-839A-351F72AA50B2}.Ad-Hoc|iPhone.ActiveCfg = Release|Any CPU
		{5E3D3DFE-34A4-4135-839A-351F72AA50B2}.Ad-Hoc|iPhoneSimulator.ActiveCfg = Release|Any CPU
		{5E3D3DFE-34A4-4135-839A-351F72AA50B2}.Ad-Hoc|Mixed Platforms.ActiveCfg = Release|x86
		{5E3D3DFE-34A4-4135-839A-351F72AA50B2}.Ad-Hoc|Mixed Platforms.Build.0 = Release|x86
		{5E3D3DFE-34A4-4135-839A-351F72AA50B2}.Ad-Hoc|Mixed Platforms.Deploy.0 = Release|x86
		{5E3D3DFE-34A4-4135-839A-351F72AA50B2}.Ad-Hoc|x86.ActiveCfg = Release|x86
		{5E3D3DFE-34A4-4135-839A-351F72AA50B2}.Ad-Hoc|x86.Build.0 = Release|x86
		{5E3D3DFE-34A4-4135-839A-351F72AA50B2}.Ad-Hoc|x86.Deploy.0 = Release|x86
		{5E3D3DFE-34A4-4135-839A-351F72AA50B2}.AppStore|Any CPU.ActiveCfg = Release|Any CPU
		{5E3D3DFE-34A4-4135-839A-351F72AA50B2}.AppStore|Any CPU.Build.0 = Release|Any CPU
		{5E3D3DFE-34A4-4135-839A-351F72AA50B2}.AppStore|Any CPU.Deploy.0 = Release|Any CPU
		{5E3D3DFE-34A4-4135-839A-351F72AA50B2}.AppStore|ARM.ActiveCfg = Release|ARM
		{5E3D3DFE-34A4-4135-839A-351F72AA50B2}.AppStore|ARM.Build.0 = Release|ARM
		{5E3D3DFE-34A4-4135-839A-351F72AA50B2}.AppStore|ARM.Deploy.0 = Release|ARM
		{5E3D3DFE-34A4-4135-839A-351F72AA50B2}.AppStore|iPhone.ActiveCfg = Release|Any CPU
		{5E3D3DFE-34A4-4135-839A-351F72AA50B2}.AppStore|iPhoneSimulator.ActiveCfg = Release|Any CPU
		{5E3D3DFE-34A4-4135-839A-351F72AA50B2}.AppStore|Mixed Platforms.ActiveCfg = Release|x86
		{5E3D3DFE-34A4-4135-839A-351F72AA50B2}.AppStore|Mixed Platforms.Build.0 = Release|x86
		{5E3D3DFE-34A4-4135-839A-351F72AA50B2}.AppStore|Mixed Platforms.Deploy.0 = Release|x86
		{5E3D3DFE-34A4-4135-839A-351F72AA50B2}.AppStore|x86.ActiveCfg = Release|x86
		{5E3D3DFE-34A4-4135-839A-351F72AA50B2}.AppStore|x86.Build.0 = Release|x86
		{5E3D3DFE-34A4-4135-839A-351F72AA50B2}.AppStore|x86.Deploy.0 = Release|x86
		{5E3D3DFE-34A4-4135-839A-351F72AA50B2}.Debug|Any CPU.ActiveCfg = Debug|Any CPU
		{5E3D3DFE-34A4-4135-839A-351F72AA50B2}.Debug|Any CPU.Build.0 = Debug|Any CPU
		{5E3D3DFE-34A4-4135-839A-351F72AA50B2}.Debug|Any CPU.Deploy.0 = Debug|Any CPU
		{5E3D3DFE-34A4-4135-839A-351F72AA50B2}.Debug|ARM.ActiveCfg = Debug|ARM
		{5E3D3DFE-34A4-4135-839A-351F72AA50B2}.Debug|ARM.Build.0 = Debug|ARM
		{5E3D3DFE-34A4-4135-839A-351F72AA50B2}.Debug|ARM.Deploy.0 = Debug|ARM
		{5E3D3DFE-34A4-4135-839A-351F72AA50B2}.Debug|iPhone.ActiveCfg = Debug|Any CPU
		{5E3D3DFE-34A4-4135-839A-351F72AA50B2}.Debug|iPhoneSimulator.ActiveCfg = Debug|Any CPU
		{5E3D3DFE-34A4-4135-839A-351F72AA50B2}.Debug|Mixed Platforms.ActiveCfg = Debug|x86
		{5E3D3DFE-34A4-4135-839A-351F72AA50B2}.Debug|Mixed Platforms.Build.0 = Debug|x86
		{5E3D3DFE-34A4-4135-839A-351F72AA50B2}.Debug|Mixed Platforms.Deploy.0 = Debug|x86
		{5E3D3DFE-34A4-4135-839A-351F72AA50B2}.Debug|x86.ActiveCfg = Debug|x86
		{5E3D3DFE-34A4-4135-839A-351F72AA50B2}.Debug|x86.Build.0 = Debug|x86
		{5E3D3DFE-34A4-4135-839A-351F72AA50B2}.Debug|x86.Deploy.0 = Debug|x86
		{5E3D3DFE-34A4-4135-839A-351F72AA50B2}.Release|Any CPU.ActiveCfg = Release|Any CPU
		{5E3D3DFE-34A4-4135-839A-351F72AA50B2}.Release|Any CPU.Build.0 = Release|Any CPU
		{5E3D3DFE-34A4-4135-839A-351F72AA50B2}.Release|Any CPU.Deploy.0 = Release|Any CPU
		{5E3D3DFE-34A4-4135-839A-351F72AA50B2}.Release|ARM.ActiveCfg = Release|ARM
		{5E3D3DFE-34A4-4135-839A-351F72AA50B2}.Release|ARM.Build.0 = Release|ARM
		{5E3D3DFE-34A4-4135-839A-351F72AA50B2}.Release|ARM.Deploy.0 = Release|ARM
		{5E3D3DFE-34A4-4135-839A-351F72AA50B2}.Release|iPhone.ActiveCfg = Release|Any CPU
		{5E3D3DFE-34A4-4135-839A-351F72AA50B2}.Release|iPhoneSimulator.ActiveCfg = Release|Any CPU
		{5E3D3DFE-34A4-4135-839A-351F72AA50B2}.Release|Mixed Platforms.ActiveCfg = Release|x86
		{5E3D3DFE-34A4-4135-839A-351F72AA50B2}.Release|Mixed Platforms.Build.0 = Release|x86
		{5E3D3DFE-34A4-4135-839A-351F72AA50B2}.Release|Mixed Platforms.Deploy.0 = Release|x86
		{5E3D3DFE-34A4-4135-839A-351F72AA50B2}.Release|x86.ActiveCfg = Release|x86
		{5E3D3DFE-34A4-4135-839A-351F72AA50B2}.Release|x86.Build.0 = Release|x86
		{5E3D3DFE-34A4-4135-839A-351F72AA50B2}.Release|x86.Deploy.0 = Release|x86
		{79DC9BB5-1927-4785-8AE4-9415DCA0EB3A}.Ad-Hoc|Any CPU.ActiveCfg = Release|Any CPU
		{79DC9BB5-1927-4785-8AE4-9415DCA0EB3A}.Ad-Hoc|Any CPU.Build.0 = Release|Any CPU
		{79DC9BB5-1927-4785-8AE4-9415DCA0EB3A}.Ad-Hoc|ARM.ActiveCfg = Release|Any CPU
		{79DC9BB5-1927-4785-8AE4-9415DCA0EB3A}.Ad-Hoc|ARM.Build.0 = Release|Any CPU
		{79DC9BB5-1927-4785-8AE4-9415DCA0EB3A}.Ad-Hoc|iPhone.ActiveCfg = Release|Any CPU
		{79DC9BB5-1927-4785-8AE4-9415DCA0EB3A}.Ad-Hoc|iPhone.Build.0 = Release|Any CPU
		{79DC9BB5-1927-4785-8AE4-9415DCA0EB3A}.Ad-Hoc|iPhoneSimulator.ActiveCfg = Release|Any CPU
		{79DC9BB5-1927-4785-8AE4-9415DCA0EB3A}.Ad-Hoc|iPhoneSimulator.Build.0 = Release|Any CPU
		{79DC9BB5-1927-4785-8AE4-9415DCA0EB3A}.Ad-Hoc|Mixed Platforms.ActiveCfg = Release|Any CPU
		{79DC9BB5-1927-4785-8AE4-9415DCA0EB3A}.Ad-Hoc|Mixed Platforms.Build.0 = Release|Any CPU
		{79DC9BB5-1927-4785-8AE4-9415DCA0EB3A}.Ad-Hoc|x86.ActiveCfg = Release|Any CPU
		{79DC9BB5-1927-4785-8AE4-9415DCA0EB3A}.Ad-Hoc|x86.Build.0 = Release|Any CPU
		{79DC9BB5-1927-4785-8AE4-9415DCA0EB3A}.AppStore|Any CPU.ActiveCfg = Release|Any CPU
		{79DC9BB5-1927-4785-8AE4-9415DCA0EB3A}.AppStore|Any CPU.Build.0 = Release|Any CPU
		{79DC9BB5-1927-4785-8AE4-9415DCA0EB3A}.AppStore|ARM.ActiveCfg = Release|Any CPU
		{79DC9BB5-1927-4785-8AE4-9415DCA0EB3A}.AppStore|ARM.Build.0 = Release|Any CPU
		{79DC9BB5-1927-4785-8AE4-9415DCA0EB3A}.AppStore|iPhone.ActiveCfg = Release|Any CPU
		{79DC9BB5-1927-4785-8AE4-9415DCA0EB3A}.AppStore|iPhone.Build.0 = Release|Any CPU
		{79DC9BB5-1927-4785-8AE4-9415DCA0EB3A}.AppStore|iPhoneSimulator.ActiveCfg = Release|Any CPU
		{79DC9BB5-1927-4785-8AE4-9415DCA0EB3A}.AppStore|iPhoneSimulator.Build.0 = Release|Any CPU
		{79DC9BB5-1927-4785-8AE4-9415DCA0EB3A}.AppStore|Mixed Platforms.ActiveCfg = Release|Any CPU
		{79DC9BB5-1927-4785-8AE4-9415DCA0EB3A}.AppStore|Mixed Platforms.Build.0 = Release|Any CPU
		{79DC9BB5-1927-4785-8AE4-9415DCA0EB3A}.AppStore|x86.ActiveCfg = Release|Any CPU
		{79DC9BB5-1927-4785-8AE4-9415DCA0EB3A}.AppStore|x86.Build.0 = Release|Any CPU
		{79DC9BB5-1927-4785-8AE4-9415DCA0EB3A}.Debug|Any CPU.ActiveCfg = Debug|Any CPU
		{79DC9BB5-1927-4785-8AE4-9415DCA0EB3A}.Debug|Any CPU.Build.0 = Debug|Any CPU
		{79DC9BB5-1927-4785-8AE4-9415DCA0EB3A}.Debug|ARM.ActiveCfg = Debug|Any CPU
		{79DC9BB5-1927-4785-8AE4-9415DCA0EB3A}.Debug|ARM.Build.0 = Debug|Any CPU
		{79DC9BB5-1927-4785-8AE4-9415DCA0EB3A}.Debug|iPhone.ActiveCfg = Debug|Any CPU
		{79DC9BB5-1927-4785-8AE4-9415DCA0EB3A}.Debug|iPhone.Build.0 = Debug|Any CPU
		{79DC9BB5-1927-4785-8AE4-9415DCA0EB3A}.Debug|iPhoneSimulator.ActiveCfg = Debug|Any CPU
		{79DC9BB5-1927-4785-8AE4-9415DCA0EB3A}.Debug|iPhoneSimulator.Build.0 = Debug|Any CPU
		{79DC9BB5-1927-4785-8AE4-9415DCA0EB3A}.Debug|Mixed Platforms.ActiveCfg = Debug|Any CPU
		{79DC9BB5-1927-4785-8AE4-9415DCA0EB3A}.Debug|Mixed Platforms.Build.0 = Debug|Any CPU
		{79DC9BB5-1927-4785-8AE4-9415DCA0EB3A}.Debug|x86.ActiveCfg = Debug|Any CPU
		{79DC9BB5-1927-4785-8AE4-9415DCA0EB3A}.Debug|x86.Build.0 = Debug|Any CPU
		{79DC9BB5-1927-4785-8AE4-9415DCA0EB3A}.Release|Any CPU.ActiveCfg = Release|Any CPU
		{79DC9BB5-1927-4785-8AE4-9415DCA0EB3A}.Release|Any CPU.Build.0 = Release|Any CPU
		{79DC9BB5-1927-4785-8AE4-9415DCA0EB3A}.Release|ARM.ActiveCfg = Release|Any CPU
		{79DC9BB5-1927-4785-8AE4-9415DCA0EB3A}.Release|ARM.Build.0 = Release|Any CPU
		{79DC9BB5-1927-4785-8AE4-9415DCA0EB3A}.Release|iPhone.ActiveCfg = Release|Any CPU
		{79DC9BB5-1927-4785-8AE4-9415DCA0EB3A}.Release|iPhone.Build.0 = Release|Any CPU
		{79DC9BB5-1927-4785-8AE4-9415DCA0EB3A}.Release|iPhoneSimulator.ActiveCfg = Release|Any CPU
		{79DC9BB5-1927-4785-8AE4-9415DCA0EB3A}.Release|iPhoneSimulator.Build.0 = Release|Any CPU
		{79DC9BB5-1927-4785-8AE4-9415DCA0EB3A}.Release|Mixed Platforms.ActiveCfg = Release|Any CPU
		{79DC9BB5-1927-4785-8AE4-9415DCA0EB3A}.Release|Mixed Platforms.Build.0 = Release|Any CPU
		{79DC9BB5-1927-4785-8AE4-9415DCA0EB3A}.Release|x86.ActiveCfg = Release|Any CPU
		{79DC9BB5-1927-4785-8AE4-9415DCA0EB3A}.Release|x86.Build.0 = Release|Any CPU
		{80B54351-CD34-4EBB-BBA8-7F428B7D8772}.Ad-Hoc|Any CPU.ActiveCfg = Release|Any CPU
		{80B54351-CD34-4EBB-BBA8-7F428B7D8772}.Ad-Hoc|Any CPU.Build.0 = Release|Any CPU
		{80B54351-CD34-4EBB-BBA8-7F428B7D8772}.Ad-Hoc|ARM.ActiveCfg = Release|Any CPU
		{80B54351-CD34-4EBB-BBA8-7F428B7D8772}.Ad-Hoc|ARM.Build.0 = Release|Any CPU
		{80B54351-CD34-4EBB-BBA8-7F428B7D8772}.Ad-Hoc|iPhone.ActiveCfg = Release|Any CPU
		{80B54351-CD34-4EBB-BBA8-7F428B7D8772}.Ad-Hoc|iPhone.Build.0 = Release|Any CPU
		{80B54351-CD34-4EBB-BBA8-7F428B7D8772}.Ad-Hoc|iPhoneSimulator.ActiveCfg = Release|Any CPU
		{80B54351-CD34-4EBB-BBA8-7F428B7D8772}.Ad-Hoc|iPhoneSimulator.Build.0 = Release|Any CPU
		{80B54351-CD34-4EBB-BBA8-7F428B7D8772}.Ad-Hoc|Mixed Platforms.ActiveCfg = Release|Any CPU
		{80B54351-CD34-4EBB-BBA8-7F428B7D8772}.Ad-Hoc|Mixed Platforms.Build.0 = Release|Any CPU
		{80B54351-CD34-4EBB-BBA8-7F428B7D8772}.Ad-Hoc|x86.ActiveCfg = Release|Any CPU
		{80B54351-CD34-4EBB-BBA8-7F428B7D8772}.Ad-Hoc|x86.Build.0 = Release|Any CPU
		{80B54351-CD34-4EBB-BBA8-7F428B7D8772}.AppStore|Any CPU.ActiveCfg = Release|Any CPU
		{80B54351-CD34-4EBB-BBA8-7F428B7D8772}.AppStore|Any CPU.Build.0 = Release|Any CPU
		{80B54351-CD34-4EBB-BBA8-7F428B7D8772}.AppStore|ARM.ActiveCfg = Release|Any CPU
		{80B54351-CD34-4EBB-BBA8-7F428B7D8772}.AppStore|ARM.Build.0 = Release|Any CPU
		{80B54351-CD34-4EBB-BBA8-7F428B7D8772}.AppStore|iPhone.ActiveCfg = Release|Any CPU
		{80B54351-CD34-4EBB-BBA8-7F428B7D8772}.AppStore|iPhone.Build.0 = Release|Any CPU
		{80B54351-CD34-4EBB-BBA8-7F428B7D8772}.AppStore|iPhoneSimulator.ActiveCfg = Release|Any CPU
		{80B54351-CD34-4EBB-BBA8-7F428B7D8772}.AppStore|iPhoneSimulator.Build.0 = Release|Any CPU
		{80B54351-CD34-4EBB-BBA8-7F428B7D8772}.AppStore|Mixed Platforms.ActiveCfg = Release|Any CPU
		{80B54351-CD34-4EBB-BBA8-7F428B7D8772}.AppStore|Mixed Platforms.Build.0 = Release|Any CPU
		{80B54351-CD34-4EBB-BBA8-7F428B7D8772}.AppStore|x86.ActiveCfg = Release|Any CPU
		{80B54351-CD34-4EBB-BBA8-7F428B7D8772}.AppStore|x86.Build.0 = Release|Any CPU
		{80B54351-CD34-4EBB-BBA8-7F428B7D8772}.Debug|Any CPU.ActiveCfg = Debug|Any CPU
		{80B54351-CD34-4EBB-BBA8-7F428B7D8772}.Debug|Any CPU.Build.0 = Debug|Any CPU
		{80B54351-CD34-4EBB-BBA8-7F428B7D8772}.Debug|ARM.ActiveCfg = Debug|Any CPU
		{80B54351-CD34-4EBB-BBA8-7F428B7D8772}.Debug|ARM.Build.0 = Debug|Any CPU
		{80B54351-CD34-4EBB-BBA8-7F428B7D8772}.Debug|iPhone.ActiveCfg = Debug|Any CPU
		{80B54351-CD34-4EBB-BBA8-7F428B7D8772}.Debug|iPhone.Build.0 = Debug|Any CPU
		{80B54351-CD34-4EBB-BBA8-7F428B7D8772}.Debug|iPhoneSimulator.ActiveCfg = Debug|Any CPU
		{80B54351-CD34-4EBB-BBA8-7F428B7D8772}.Debug|iPhoneSimulator.Build.0 = Debug|Any CPU
		{80B54351-CD34-4EBB-BBA8-7F428B7D8772}.Debug|Mixed Platforms.ActiveCfg = Debug|Any CPU
		{80B54351-CD34-4EBB-BBA8-7F428B7D8772}.Debug|Mixed Platforms.Build.0 = Debug|Any CPU
		{80B54351-CD34-4EBB-BBA8-7F428B7D8772}.Debug|x86.ActiveCfg = Debug|Any CPU
		{80B54351-CD34-4EBB-BBA8-7F428B7D8772}.Debug|x86.Build.0 = Debug|Any CPU
		{80B54351-CD34-4EBB-BBA8-7F428B7D8772}.Release|Any CPU.ActiveCfg = Release|Any CPU
		{80B54351-CD34-4EBB-BBA8-7F428B7D8772}.Release|Any CPU.Build.0 = Release|Any CPU
		{80B54351-CD34-4EBB-BBA8-7F428B7D8772}.Release|ARM.ActiveCfg = Release|Any CPU
		{80B54351-CD34-4EBB-BBA8-7F428B7D8772}.Release|ARM.Build.0 = Release|Any CPU
		{80B54351-CD34-4EBB-BBA8-7F428B7D8772}.Release|iPhone.ActiveCfg = Release|Any CPU
		{80B54351-CD34-4EBB-BBA8-7F428B7D8772}.Release|iPhone.Build.0 = Release|Any CPU
		{80B54351-CD34-4EBB-BBA8-7F428B7D8772}.Release|iPhoneSimulator.ActiveCfg = Release|Any CPU
		{80B54351-CD34-4EBB-BBA8-7F428B7D8772}.Release|iPhoneSimulator.Build.0 = Release|Any CPU
		{80B54351-CD34-4EBB-BBA8-7F428B7D8772}.Release|Mixed Platforms.ActiveCfg = Release|Any CPU
		{80B54351-CD34-4EBB-BBA8-7F428B7D8772}.Release|Mixed Platforms.Build.0 = Release|Any CPU
		{80B54351-CD34-4EBB-BBA8-7F428B7D8772}.Release|x86.ActiveCfg = Release|Any CPU
		{80B54351-CD34-4EBB-BBA8-7F428B7D8772}.Release|x86.Build.0 = Release|Any CPU
		{DB9A76B0-C20D-4204-AFA8-686E65931040}.Ad-Hoc|Any CPU.ActiveCfg = Release|Any CPU
		{DB9A76B0-C20D-4204-AFA8-686E65931040}.Ad-Hoc|Any CPU.Build.0 = Release|Any CPU
		{DB9A76B0-C20D-4204-AFA8-686E65931040}.Ad-Hoc|ARM.ActiveCfg = Release|Any CPU
		{DB9A76B0-C20D-4204-AFA8-686E65931040}.Ad-Hoc|iPhone.ActiveCfg = Release|Any CPU
		{DB9A76B0-C20D-4204-AFA8-686E65931040}.Ad-Hoc|iPhoneSimulator.ActiveCfg = Release|Any CPU
		{DB9A76B0-C20D-4204-AFA8-686E65931040}.Ad-Hoc|Mixed Platforms.ActiveCfg = Release|Any CPU
		{DB9A76B0-C20D-4204-AFA8-686E65931040}.Ad-Hoc|Mixed Platforms.Build.0 = Release|Any CPU
		{DB9A76B0-C20D-4204-AFA8-686E65931040}.Ad-Hoc|x86.ActiveCfg = Release|Any CPU
		{DB9A76B0-C20D-4204-AFA8-686E65931040}.AppStore|Any CPU.ActiveCfg = Release|Any CPU
		{DB9A76B0-C20D-4204-AFA8-686E65931040}.AppStore|Any CPU.Build.0 = Release|Any CPU
		{DB9A76B0-C20D-4204-AFA8-686E65931040}.AppStore|ARM.ActiveCfg = Release|Any CPU
		{DB9A76B0-C20D-4204-AFA8-686E65931040}.AppStore|iPhone.ActiveCfg = Release|Any CPU
		{DB9A76B0-C20D-4204-AFA8-686E65931040}.AppStore|iPhoneSimulator.ActiveCfg = Release|Any CPU
		{DB9A76B0-C20D-4204-AFA8-686E65931040}.AppStore|Mixed Platforms.ActiveCfg = Release|Any CPU
		{DB9A76B0-C20D-4204-AFA8-686E65931040}.AppStore|Mixed Platforms.Build.0 = Release|Any CPU
		{DB9A76B0-C20D-4204-AFA8-686E65931040}.AppStore|x86.ActiveCfg = Release|Any CPU
		{DB9A76B0-C20D-4204-AFA8-686E65931040}.Debug|Any CPU.ActiveCfg = Debug|Any CPU
		{DB9A76B0-C20D-4204-AFA8-686E65931040}.Debug|Any CPU.Build.0 = Debug|Any CPU
		{DB9A76B0-C20D-4204-AFA8-686E65931040}.Debug|ARM.ActiveCfg = Debug|Any CPU
		{DB9A76B0-C20D-4204-AFA8-686E65931040}.Debug|iPhone.ActiveCfg = Debug|Any CPU
		{DB9A76B0-C20D-4204-AFA8-686E65931040}.Debug|iPhoneSimulator.ActiveCfg = Debug|Any CPU
		{DB9A76B0-C20D-4204-AFA8-686E65931040}.Debug|Mixed Platforms.ActiveCfg = Debug|Any CPU
		{DB9A76B0-C20D-4204-AFA8-686E65931040}.Debug|Mixed Platforms.Build.0 = Debug|Any CPU
		{DB9A76B0-C20D-4204-AFA8-686E65931040}.Debug|x86.ActiveCfg = Debug|Any CPU
		{DB9A76B0-C20D-4204-AFA8-686E65931040}.Release|Any CPU.ActiveCfg = Release|Any CPU
		{DB9A76B0-C20D-4204-AFA8-686E65931040}.Release|Any CPU.Build.0 = Release|Any CPU
		{DB9A76B0-C20D-4204-AFA8-686E65931040}.Release|ARM.ActiveCfg = Release|Any CPU
		{DB9A76B0-C20D-4204-AFA8-686E65931040}.Release|iPhone.ActiveCfg = Release|Any CPU
		{DB9A76B0-C20D-4204-AFA8-686E65931040}.Release|iPhoneSimulator.ActiveCfg = Release|Any CPU
		{DB9A76B0-C20D-4204-AFA8-686E65931040}.Release|Mixed Platforms.ActiveCfg = Release|Any CPU
		{DB9A76B0-C20D-4204-AFA8-686E65931040}.Release|Mixed Platforms.Build.0 = Release|Any CPU
		{DB9A76B0-C20D-4204-AFA8-686E65931040}.Release|x86.ActiveCfg = Release|Any CPU
		{F13014EE-69BA-46ED-8560-FB78CD661774}.Ad-Hoc|Any CPU.ActiveCfg = Ad-Hoc|iPhone
		{F13014EE-69BA-46ED-8560-FB78CD661774}.Ad-Hoc|ARM.ActiveCfg = Ad-Hoc|iPhone
		{F13014EE-69BA-46ED-8560-FB78CD661774}.Ad-Hoc|iPhone.ActiveCfg = Ad-Hoc|iPhone
		{F13014EE-69BA-46ED-8560-FB78CD661774}.Ad-Hoc|iPhone.Build.0 = Ad-Hoc|iPhone
		{F13014EE-69BA-46ED-8560-FB78CD661774}.Ad-Hoc|iPhoneSimulator.ActiveCfg = Ad-Hoc|iPhoneSimulator
		{F13014EE-69BA-46ED-8560-FB78CD661774}.Ad-Hoc|iPhoneSimulator.Build.0 = Ad-Hoc|iPhoneSimulator
		{F13014EE-69BA-46ED-8560-FB78CD661774}.Ad-Hoc|Mixed Platforms.ActiveCfg = Ad-Hoc|iPhone
		{F13014EE-69BA-46ED-8560-FB78CD661774}.Ad-Hoc|Mixed Platforms.Build.0 = Ad-Hoc|iPhone
		{F13014EE-69BA-46ED-8560-FB78CD661774}.Ad-Hoc|x86.ActiveCfg = Ad-Hoc|iPhone
		{F13014EE-69BA-46ED-8560-FB78CD661774}.AppStore|Any CPU.ActiveCfg = AppStore|iPhone
		{F13014EE-69BA-46ED-8560-FB78CD661774}.AppStore|ARM.ActiveCfg = AppStore|iPhone
		{F13014EE-69BA-46ED-8560-FB78CD661774}.AppStore|iPhone.ActiveCfg = AppStore|iPhone
		{F13014EE-69BA-46ED-8560-FB78CD661774}.AppStore|iPhone.Build.0 = AppStore|iPhone
		{F13014EE-69BA-46ED-8560-FB78CD661774}.AppStore|iPhoneSimulator.ActiveCfg = AppStore|iPhoneSimulator
		{F13014EE-69BA-46ED-8560-FB78CD661774}.AppStore|iPhoneSimulator.Build.0 = AppStore|iPhoneSimulator
		{F13014EE-69BA-46ED-8560-FB78CD661774}.AppStore|Mixed Platforms.ActiveCfg = AppStore|iPhone
		{F13014EE-69BA-46ED-8560-FB78CD661774}.AppStore|Mixed Platforms.Build.0 = AppStore|iPhone
		{F13014EE-69BA-46ED-8560-FB78CD661774}.AppStore|x86.ActiveCfg = AppStore|iPhone
		{F13014EE-69BA-46ED-8560-FB78CD661774}.Debug|Any CPU.ActiveCfg = Debug|iPhone
		{F13014EE-69BA-46ED-8560-FB78CD661774}.Debug|ARM.ActiveCfg = Debug|iPhone
		{F13014EE-69BA-46ED-8560-FB78CD661774}.Debug|iPhone.ActiveCfg = Debug|iPhone
		{F13014EE-69BA-46ED-8560-FB78CD661774}.Debug|iPhone.Build.0 = Debug|iPhone
		{F13014EE-69BA-46ED-8560-FB78CD661774}.Debug|iPhoneSimulator.ActiveCfg = Debug|iPhoneSimulator
		{F13014EE-69BA-46ED-8560-FB78CD661774}.Debug|iPhoneSimulator.Build.0 = Debug|iPhoneSimulator
		{F13014EE-69BA-46ED-8560-FB78CD661774}.Debug|Mixed Platforms.ActiveCfg = Debug|iPhone
		{F13014EE-69BA-46ED-8560-FB78CD661774}.Debug|Mixed Platforms.Build.0 = Debug|iPhone
		{F13014EE-69BA-46ED-8560-FB78CD661774}.Debug|x86.ActiveCfg = Debug|iPhone
		{F13014EE-69BA-46ED-8560-FB78CD661774}.Release|Any CPU.ActiveCfg = Release|iPhone
		{F13014EE-69BA-46ED-8560-FB78CD661774}.Release|ARM.ActiveCfg = Release|iPhone
		{F13014EE-69BA-46ED-8560-FB78CD661774}.Release|iPhone.ActiveCfg = Release|iPhone
		{F13014EE-69BA-46ED-8560-FB78CD661774}.Release|iPhone.Build.0 = Release|iPhone
		{F13014EE-69BA-46ED-8560-FB78CD661774}.Release|iPhoneSimulator.ActiveCfg = Release|iPhoneSimulator
		{F13014EE-69BA-46ED-8560-FB78CD661774}.Release|iPhoneSimulator.Build.0 = Release|iPhoneSimulator
		{F13014EE-69BA-46ED-8560-FB78CD661774}.Release|Mixed Platforms.ActiveCfg = Release|iPhone
		{F13014EE-69BA-46ED-8560-FB78CD661774}.Release|Mixed Platforms.Build.0 = Release|iPhone
		{F13014EE-69BA-46ED-8560-FB78CD661774}.Release|x86.ActiveCfg = Release|iPhone
	EndGlobalSection
	GlobalSection(NestedProjects) = preSolution
		{79DC9BB5-1927-4785-8AE4-9415DCA0EB3A} = {DACE7CC5-5C08-4A7E-B5A0-B5A94891C2A4}
	EndGlobalSection
	GlobalSection(SolutionProperties) = preSolution
		HideSolutionNode = FALSE
	EndGlobalSection
EndGlobal
